
Microsoft Visual Studio Solution File, Format Version 11.00
# Visual Studio 2010
# SharpDevelop 5.1
Project("{FAE04EC0-301F-11D3-BF4B-00C04F79EFBC}") = "TSA_DLL_TEST", "TSA_DLL_TEST.csproj", "{129361C5-D897-4E90-ADAC-61655B02D727}"
EndProject
Global
	GlobalSection(SolutionConfigurationPlatforms) = preSolution
		Debug|Any CPU = Debug|Any CPU
		Release|Any CPU = Release|Any CPU
	EndGlobalSection
	GlobalSection(ProjectConfigurationPlatforms) = postSolution
		{129361C5-D897-4E90-ADAC-61655B02D727}.Debug|Any CPU.ActiveCfg = Debug|Any CPU
		{129361C5-D897-4E90-ADAC-61655B02D727}.Debug|Any CPU.Build.0 = Debug|Any CPU
		{129361C5-D897-4E90-ADAC-61655B02D727}.Release|Any CPU.ActiveCfg = Release|Any CPU
		{129361C5-D897-4E90-ADAC-61655B02D727}.Release|Any CPU.Build.0 = Release|Any CPU
	EndGlobalSection
EndGlobal
